
Microsoft Visual Studio Solution File, Format Version 12.00
# Visual Studio 15
Project("{FAE04EC0-301F-11D3-BF4B-00C04F79EFBC}") = "Assembly-CSharp", "Assembly-CSharp.csproj", "{99EDEB60-5543-BE94-56F1-B1452B09C46E}"
EndProject
Project("{FAE04EC0-301F-11D3-BF4B-00C04F79EFBC}") = "Assembly-CSharp-firstpass", "Assembly-CSharp-firstpass.csproj", "{9C41B4B9-E13F-DD31-1621-5DC99190EB45}"
EndProject
Global
	GlobalSection(SolutionConfigurationPlatforms) = preSolution
		Debug|Any CPU = Debug|Any CPU
		Release|Any CPU = Release|Any CPU
	EndGlobalSection
	GlobalSection(ProjectConfigurationPlatforms) = postSolution
		{99EDEB60-5543-BE94-56F1-B1452B09C46E}.Debug|Any CPU.ActiveCfg = Debug|Any CPU
		{99EDEB60-5543-BE94-56F1-B1452B09C46E}.Debug|Any CPU.Build.0 = Debug|Any CPU
		{99EDEB60-5543-BE94-56F1-B1452B09C46E}.Release|Any CPU.ActiveCfg = Release|Any CPU
		{99EDEB60-5543-BE94-56F1-B1452B09C46E}.Release|Any CPU.Build.0 = Release|Any CPU
		{9C41B4B9-E13F-DD31-1621-5DC99190EB45}.Debug|Any CPU.ActiveCfg = Debug|Any CPU
		{9C41B4B9-E13F-DD31-1621-5DC99190EB45}.Debug|Any CPU.Build.0 = Debug|Any CPU
		{9C41B4B9-E13F-DD31-1621-5DC99190EB45}.Release|Any CPU.ActiveCfg = Release|Any CPU
		{9C41B4B9-E13F-DD31-1621-5DC99190EB45}.Release|Any CPU.Build.0 = Release|Any CPU
	EndGlobalSection
	GlobalSection(SolutionProperties) = preSolution
		HideSolutionNode = FALSE
	EndGlobalSection
EndGlobal
